Microsoft Visual Studio Solution File, Format Version 11.00
# Visual Studio 2008

Project("{5A788045-5436-FF39-BBFD-E219F88CB806}") = "TheBasement", "Assembly-CSharp.csproj", "{C593031B-A7A0-A3BC-D794-D5AB1B90FCEB}"
EndProject
Global
	GlobalSection(SolutionConfigurationPlatforms) = preSolution
		Debug|Any CPU = Debug|Any CPU
		Release|Any CPU = Release|Any CPU
	EndGlobalSection
	GlobalSection(ProjectConfigurationPlatforms) = postSolution
		{C593031B-A7A0-A3BC-D794-D5AB1B90FCEB}.Debug|Any CPU.ActiveCfg = Debug|Any CPU
		{C593031B-A7A0-A3BC-D794-D5AB1B90FCEB}.Debug|Any CPU.Build.0 = Debug|Any CPU
		{C593031B-A7A0-A3BC-D794-D5AB1B90FCEB}.Release|Any CPU.ActiveCfg = Release|Any CPU
		{C593031B-A7A0-A3BC-D794-D5AB1B90FCEB}.Release|Any CPU.Build.0 = Release|Any CPU
	EndGlobalSection
	GlobalSection(SolutionProperties) = preSolution
		HideSolutionNode = FALSE
	EndGlobalSection
	GlobalSection(MonoDevelopProperties) = preSolution
		StartupItem = Assembly-CSharp.csproj
	EndGlobalSection
EndGlobal
